
Microsoft Visual Studio Solution File, Format Version 12.00
# Visual Studio Version 16
VisualStudioVersion = 16.0.33529.622
MinimumVisualStudioVersion = 10.0.40219.1
Project("{FAE04EC0-301F-11D3-BF4B-00C04F79EFBC}") = "Projeto Final TCC", "Projeto Final TCC\Projeto Final TCC.csproj", "{0FF4903D-4104-4E65-A050-39B21F93AD2C}"
EndProject
Global
	GlobalSection(SolutionConfigurationPlatforms) = preSolution
		Debug|Any CPU = Debug|Any CPU
		Release|Any CPU = Release|Any CPU
	EndGlobalSection
	GlobalSection(ProjectConfigurationPlatforms) = postSolution
		{0FF4903D-4104-4E65-A050-39B21F93AD2C}.Debug|Any CPU.ActiveCfg = Debug|Any CPU
		{0FF4903D-4104-4E65-A050-39B21F93AD2C}.Debug|Any CPU.Build.0 = Debug|Any CPU
		{0FF4903D-4104-4E65-A050-39B21F93AD2C}.Release|Any CPU.ActiveCfg = Release|Any CPU
		{0FF4903D-4104-4E65-A050-39B21F93AD2C}.Release|Any CPU.Build.0 = Release|Any CPU
	EndGlobalSection
	GlobalSection(SolutionProperties) = preSolution
		HideSolutionNode = FALSE
	EndGlobalSection
	GlobalSection(ExtensibilityGlobals) = postSolution
		SolutionGuid = {3FC0353B-0056-46C4-9430-75D07C80D5ED}
	EndGlobalSection
EndGlobal
